
Microsoft Visual Studio Solution File, Format Version 12.00
# Visual Studio Version 16
VisualStudioVersion = 16.0.30204.135
MinimumVisualStudioVersion = 10.0.40219.1
Project("{8BC9CEB8-8B4A-11D0-8D11-00A0C91BC942}") = "KinectAzure", "KinectAzure.vcxproj", "{CE96C7EF-ED95-4919-8A21-269042322762}"
EndProject
Global
	GlobalSection(SolutionConfigurationPlatforms) = preSolution
		Debug|x64 = Debug|x64
		Debug|x86 = Debug|x86
		Release|x64 = Release|x64
		Release|x86 = Release|x86
	EndGlobalSection
	GlobalSection(ProjectConfigurationPlatforms) = postSolution
		{CE96C7EF-ED95-4919-8A21-269042322762}.Debug|x64.ActiveCfg = Debug|x64
		{CE96C7EF-ED95-4919-8A21-269042322762}.Debug|x64.Build.0 = Debug|x64
		{CE96C7EF-ED95-4919-8A21-269042322762}.Debug|x86.ActiveCfg = Debug|Win32
		{CE96C7EF-ED95-4919-8A21-269042322762}.Debug|x86.Build.0 = Debug|Win32
		{CE96C7EF-ED95-4919-8A21-269042322762}.Release|x64.ActiveCfg = Release|x64
		{CE96C7EF-ED95-4919-8A21-269042322762}.Release|x64.Build.0 = Release|x64
		{CE96C7EF-ED95-4919-8A21-269042322762}.Release|x86.ActiveCfg = Release|Win32
		{CE96C7EF-ED95-4919-8A21-269042322762}.Release|x86.Build.0 = Release|Win32
	EndGlobalSection
	GlobalSection(SolutionProperties) = preSolution
		HideSolutionNode = FALSE
	EndGlobalSection
	GlobalSection(ExtensibilityGlobals) = postSolution
		SolutionGuid = {1A598776-816D-46CE-A699-103E977E07F5}
	EndGlobalSection
EndGlobal
